
Microsoft Visual Studio Solution File, Format Version 12.00
# Visual Studio Version 17
VisualStudioVersion = 17.8.34316.72
MinimumVisualStudioVersion = 12.0
Project("{2150E333-8FDC-42A3-9474-1A3956D46DE8}") = "Exe", "Exe", "{95163A67-FF5E-4FE5-B291-2CB67B2FD431}"
EndProject
Project("{2150E333-8FDC-42A3-9474-1A3956D46DE8}") = "Sys", "Sys", "{290EBA75-A70E-4C4A-BF59-38FF2BCA1779}"
EndProject
Project("{8BC9CEB8-8B4A-11D0-8D11-00A0C91BC942}") = "HPNonPnpDriverApp", "exe\HPNonPnpDriverApp.vcxproj", "{18A38FF8-1227-4F3B-997B-A83A6E4CFD20}"
EndProject
Project("{8BC9CEB8-8B4A-11D0-8D11-00A0C91BC942}") = "HPNonPnpDriver", "sys\HPNonPnpDriver.vcxproj", "{50EE7E00-D19A-4741-9440-33BECFCF6BED}"
EndProject
Global
	GlobalSection(SolutionConfigurationPlatforms) = preSolution
		Debug|x64 = Debug|x64
		Debug|x86 = Debug|x86
		Release|x64 = Release|x64
		Release|x86 = Release|x86
	EndGlobalSection
	GlobalSection(ProjectConfigurationPlatforms) = postSolution
		{18A38FF8-1227-4F3B-997B-A83A6E4CFD20}.Debug|x64.ActiveCfg = Debug|x64
		{18A38FF8-1227-4F3B-997B-A83A6E4CFD20}.Debug|x64.Build.0 = Debug|x64
		{18A38FF8-1227-4F3B-997B-A83A6E4CFD20}.Debug|x86.ActiveCfg = Debug|Win32
		{18A38FF8-1227-4F3B-997B-A83A6E4CFD20}.Debug|x86.Build.0 = Debug|Win32
		{18A38FF8-1227-4F3B-997B-A83A6E4CFD20}.Release|x64.ActiveCfg = Release|x64
		{18A38FF8-1227-4F3B-997B-A83A6E4CFD20}.Release|x64.Build.0 = Release|x64
		{18A38FF8-1227-4F3B-997B-A83A6E4CFD20}.Release|x86.ActiveCfg = Release|Win32
		{18A38FF8-1227-4F3B-997B-A83A6E4CFD20}.Release|x86.Build.0 = Release|Win32
		{50EE7E00-D19A-4741-9440-33BECFCF6BED}.Debug|x64.ActiveCfg = Debug|x64
		{50EE7E00-D19A-4741-9440-33BECFCF6BED}.Debug|x64.Build.0 = Debug|x64
		{50EE7E00-D19A-4741-9440-33BECFCF6BED}.Debug|x64.Deploy.0 = Debug|x64
		{50EE7E00-D19A-4741-9440-33BECFCF6BED}.Debug|x86.ActiveCfg = Debug|Win32
		{50EE7E00-D19A-4741-9440-33BECFCF6BED}.Debug|x86.Build.0 = Debug|Win32
		{50EE7E00-D19A-4741-9440-33BECFCF6BED}.Debug|x86.Deploy.0 = Debug|Win32
		{50EE7E00-D19A-4741-9440-33BECFCF6BED}.Release|x64.ActiveCfg = Release|x64
		{50EE7E00-D19A-4741-9440-33BECFCF6BED}.Release|x64.Build.0 = Release|x64
		{50EE7E00-D19A-4741-9440-33BECFCF6BED}.Release|x64.Deploy.0 = Release|x64
		{50EE7E00-D19A-4741-9440-33BECFCF6BED}.Release|x86.ActiveCfg = Release|Win32
		{50EE7E00-D19A-4741-9440-33BECFCF6BED}.Release|x86.Build.0 = Release|Win32
		{50EE7E00-D19A-4741-9440-33BECFCF6BED}.Release|x86.Deploy.0 = Release|Win32
	EndGlobalSection
	GlobalSection(SolutionProperties) = preSolution
		HideSolutionNode = FALSE
	EndGlobalSection
	GlobalSection(NestedProjects) = preSolution
		{18A38FF8-1227-4F3B-997B-A83A6E4CFD20} = {95163A67-FF5E-4FE5-B291-2CB67B2FD431}
		{50EE7E00-D19A-4741-9440-33BECFCF6BED} = {290EBA75-A70E-4C4A-BF59-38FF2BCA1779}
	EndGlobalSection
	GlobalSection(ExtensibilityGlobals) = postSolution
		SolutionGuid = {7338D05F-768F-48AD-B257-11E38CE614CE}
	EndGlobalSection
EndGlobal
